
Microsoft Visual Studio Solution File, Format Version 12.00
# Visual Studio Version 17
VisualStudioVersion = 17.10.34928.147
MinimumVisualStudioVersion = 10.0.40219.1
Project("{FAE04EC0-301F-11D3-BF4B-00C04F79EFBC}") = "linkedlist_quanly", "linkedlist_quanly\linkedlist_quanly.csproj", "{58D25279-5F3E-4D7D-ABB1-D31B237BAA0A}"
EndProject
Global
	GlobalSection(SolutionConfigurationPlatforms) = preSolution
		Debug|Any CPU = Debug|Any CPU
		Release|Any CPU = Release|Any CPU
	EndGlobalSection
	GlobalSection(ProjectConfigurationPlatforms) = postSolution
		{58D25279-5F3E-4D7D-ABB1-D31B237BAA0A}.Debug|Any CPU.ActiveCfg = Debug|Any CPU
		{58D25279-5F3E-4D7D-ABB1-D31B237BAA0A}.Debug|Any CPU.Build.0 = Debug|Any CPU
		{58D25279-5F3E-4D7D-ABB1-D31B237BAA0A}.Release|Any CPU.ActiveCfg = Release|Any CPU
		{58D25279-5F3E-4D7D-ABB1-D31B237BAA0A}.Release|Any CPU.Build.0 = Release|Any CPU
	EndGlobalSection
	GlobalSection(SolutionProperties) = preSolution
		HideSolutionNode = FALSE
	EndGlobalSection
	GlobalSection(ExtensibilityGlobals) = postSolution
		SolutionGuid = {BF18DEDD-E6FB-4C55-B682-159103B3423F}
	EndGlobalSection
EndGlobal
